
Microsoft Visual Studio Solution File, Format Version 12.00
# Visual Studio Version 17
VisualStudioVersion = 17.8.34525.116
MinimumVisualStudioVersion = 10.0.40219.1
Project("{FAE04EC0-301F-11D3-BF4B-00C04F79EFBC}") = "lab1_Perelygin", "lab1_Perelygin\lab1_Perelygin.csproj", "{CDBB8D22-9181-447C-9A12-C6E0C3C529D5}"
EndProject
Global
	GlobalSection(SolutionConfigurationPlatforms) = preSolution
		Debug|Any CPU = Debug|Any CPU
		Release|Any CPU = Release|Any CPU
	EndGlobalSection
	GlobalSection(ProjectConfigurationPlatforms) = postSolution
		{CDBB8D22-9181-447C-9A12-C6E0C3C529D5}.Debug|Any CPU.ActiveCfg = Debug|Any CPU
		{CDBB8D22-9181-447C-9A12-C6E0C3C529D5}.Debug|Any CPU.Build.0 = Debug|Any CPU
		{CDBB8D22-9181-447C-9A12-C6E0C3C529D5}.Release|Any CPU.ActiveCfg = Release|Any CPU
		{CDBB8D22-9181-447C-9A12-C6E0C3C529D5}.Release|Any CPU.Build.0 = Release|Any CPU
	EndGlobalSection
	GlobalSection(SolutionProperties) = preSolution
		HideSolutionNode = FALSE
	EndGlobalSection
	GlobalSection(ExtensibilityGlobals) = postSolution
		SolutionGuid = {74ADD0F2-6E03-462A-AD93-4906B2E3B1FE}
	EndGlobalSection
EndGlobal
